
Microsoft Visual Studio Solution File, Format Version 12.00
# Visual Studio Version 16
VisualStudioVersion = 16.0.29201.188
MinimumVisualStudioVersion = 10.0.40219.1
Project("{9A19103F-16F7-4668-BE54-9A1E7A4F7556}") = "Lemonade Stand Code", "Lemonade Stand Code.csproj", "{35E678BD-BC7C-4918-8024-57CDCE6246AF}"
EndProject
Global
	GlobalSection(SolutionConfigurationPlatforms) = preSolution
		Debug|Any CPU = Debug|Any CPU
		Release|Any CPU = Release|Any CPU
	EndGlobalSection
	GlobalSection(ProjectConfigurationPlatforms) = postSolution
		{35E678BD-BC7C-4918-8024-57CDCE6246AF}.Debug|Any CPU.ActiveCfg = Debug|Any CPU
		{35E678BD-BC7C-4918-8024-57CDCE6246AF}.Debug|Any CPU.Build.0 = Debug|Any CPU
		{35E678BD-BC7C-4918-8024-57CDCE6246AF}.Release|Any CPU.ActiveCfg = Release|Any CPU
		{35E678BD-BC7C-4918-8024-57CDCE6246AF}.Release|Any CPU.Build.0 = Release|Any CPU
	EndGlobalSection
	GlobalSection(SolutionProperties) = preSolution
		HideSolutionNode = FALSE
	EndGlobalSection
	GlobalSection(ExtensibilityGlobals) = postSolution
		SolutionGuid = {F53483E0-6AC6-4508-B3B2-4A846D751B75}
	EndGlobalSection
EndGlobal
